
Microsoft Visual Studio Solution File, Format Version 12.00
# Visual Studio Version 16
VisualStudioVersion = 16.0.30413.136
MinimumVisualStudioVersion = 10.0.40219.1
Project("{FAE04EC0-301F-11D3-BF4B-00C04F79EFBC}") = "Abp.AspNetZeroCore", "Abp.AspNetZeroCore\Abp.AspNetZeroCore.csproj", "{0A6F7736-69F8-4348-8F6A-5555FF43BD4C}"
EndProject
Global
	GlobalSection(SolutionConfigurationPlatforms) = preSolution
		Debug|Any CPU = Debug|Any CPU
		Release|Any CPU = Release|Any CPU
	EndGlobalSection
	GlobalSection(ProjectConfigurationPlatforms) = postSolution
		{0A6F7736-69F8-4348-8F6A-5555FF43BD4C}.Debug|Any CPU.ActiveCfg = Debug|Any CPU
		{0A6F7736-69F8-4348-8F6A-5555FF43BD4C}.Debug|Any CPU.Build.0 = Debug|Any CPU
		{0A6F7736-69F8-4348-8F6A-5555FF43BD4C}.Release|Any CPU.ActiveCfg = Release|Any CPU
		{0A6F7736-69F8-4348-8F6A-5555FF43BD4C}.Release|Any CPU.Build.0 = Release|Any CPU
	EndGlobalSection
	GlobalSection(SolutionProperties) = preSolution
		HideSolutionNode = FALSE
	EndGlobalSection
	GlobalSection(ExtensibilityGlobals) = postSolution
		SolutionGuid = {6D8FADB2-5384-4BBA-A10F-B5BBD35A35CE}
	EndGlobalSection
EndGlobal
